github.com/ebitengine/purego v0.10.0 h1:QIw4xfpWT6GWTzaW5XEKy3HXoqrJGx1ijYHzTF0/ISU=
github.com/ebitengine/purego v0.10.0/go.mod h1:iIjxzd6CiRiOG0UyXP+V1+jWqUXVjPKLAI0mRfJZTmQ=
github.com/gen2brain/raylib-go/raylib v0.60.1 h1:bZ9fRMOeIasK5Z9fNL8lnNVbCv9LevGIN//+gdvP+Zc=
github.com/gen2brain/raylib-go/raylib v0.60.1/go.mod h1:puAMU7Zcx6VJ6pcZSSs3gGFPyFvJuTwQlfm4KzeoXy8=
github.com/jupiterrider/ffi v0.7.0 h1:RKsl6Ascal+3kyAqR5Qcbp83LceQMLc1VZbPfHWoNzs=
github.com/jupiterrider/ffi v0.7.0/go.mod h1:9dauhpOfNqrqk28fxuu0kkdeFtT9Qr4vbfigiuIXN7c=
github.com/kaiser-chris/pdx-parser-go v0.3.0 h1:jAUN0hvnLqFz3/cbay35IoB2zrhtF7iTihVIh6gp/QA=
github.com/kaiser-chris/pdx-parser-go v0.3.0/go.mod h1:Lv0yJnWl+It4wmcRxp7UwEtbBlnHKgGdFu9OzMK1GsQ=
golang.org/x/exp v0.0.0-20240506185415-9bf2ced13842 h1:vr/HnozRka3pE4EsMEg1lgkXJkTFJCVUX+S/ZT6wYzM=
golang.org/x/exp v0.0.0-20240506185415-9bf2ced13842/go.mod h1:XtvwrStGgqGPLc4cjQfWqZHG1YFdYs6swckp8vpsjnc=
